
Microsoft Visual Studio Solution File, Format Version 12.00
# Visual Studio Version 17
VisualStudioVersion = 17.3.32811.315
MinimumVisualStudioVersion = 10.0.40219.1
Project("{FAE04EC0-301F-11D3-BF4B-00C04F79EFBC}") = "TareaColeccionesPOO", "TareaColeccionesPOO\TareaColeccionesPOO.csproj", "{77E8ECC4-E147-4CBC-8F88-34FF22D8BDF9}"
EndProject
Global
	GlobalSection(SolutionConfigurationPlatforms) = preSolution
		Debug|Any CPU = Debug|Any CPU
		Release|Any CPU = Release|Any CPU
	EndGlobalSection
	GlobalSection(ProjectConfigurationPlatforms) = postSolution
		{77E8ECC4-E147-4CBC-8F88-34FF22D8BDF9}.Debug|Any CPU.ActiveCfg = Debug|Any CPU
		{77E8ECC4-E147-4CBC-8F88-34FF22D8BDF9}.Debug|Any CPU.Build.0 = Debug|Any CPU
		{77E8ECC4-E147-4CBC-8F88-34FF22D8BDF9}.Release|Any CPU.ActiveCfg = Release|Any CPU
		{77E8ECC4-E147-4CBC-8F88-34FF22D8BDF9}.Release|Any CPU.Build.0 = Release|Any CPU
	EndGlobalSection
	GlobalSection(SolutionProperties) = preSolution
		HideSolutionNode = FALSE
	EndGlobalSection
	GlobalSection(ExtensibilityGlobals) = postSolution
		SolutionGuid = {6B60CB96-8CA8-4ABD-A94B-171708CFF721}
	EndGlobalSection
EndGlobal
